{
    "_meta": {
        "hash": {
            "sha256": "72acedf85377e320ed087b08ecb2ddf5e55707985d13429bcdfeedd51eec51f4"
        },
        "pipfile-spec": 6,
        "requires": {
            "python_version": "3.9"
        },
        "sources": [
            {
                "name": "pypi",
                "url": "https://pypi.org/simple",
                "verify_ssl": true
            }
        ]
    },
    "default": {
        "backoff": {
            "hashes": [
                "sha256:8700797e5f45e41ee3bf357137f074a174797016dc9ad3c2b974a955bab92b50",
                "sha256:bd6f32d4aff2607a578e847bf5bdb978a0eb1911fe5c0b0a73325328881bb31c"
            ],
            "index": "pypi",
            "version": "==2.0.1"
        },
        "certifi": {
            "hashes": [
                "sha256:78884e7c1d4b00ce3cea67b44566851c4343c120abd683433ce934a68ea58872",
                "sha256:d62a0163eb4c2344ac042ab2bdf75399a71a2d8c7d47eac2e2ee91b9d6339569"
            ],
            "version": "==2021.10.8"
        },
        "charset-normalizer": {
            "hashes": [
                "sha256:2857e29ff0d34db842cd7ca3230549d1a697f96ee6d3fb071cfa6c7393832597",
                "sha256:6881edbebdb17b39b4eaaa821b438bf6eddffb4468cf344f09f89def34a8b1df"
            ],
            "markers": "python_version >= '3'",
            "version": "==2.0.12"
        },
        "fastavro": {
            "hashes": [
                "sha256:0c17e3decfac260e1be4d02d1903d2483eec2f3ce7f92c9b808a0f6a81572c4b",
                "sha256:18f5e736d12e67348f253da8a332d7c3b483ca04f2b6e772befa79d1a46bac9d",
                "sha256:19ba25c6529f50722a7618cc4ca24c7d265def57fd9f94e4e554e1df8cce38d2",
                "sha256:44f01008f95d685edacc4b10366c755d25612df00924349f7d34a29f08522ce3",
                "sha256:621e72cc365c9539d7590e7b43e48a62e6bfb4c2de7c16837fed54d113d7312c",
                "sha256:732eab3a1ae5d2c3f4b52e747c55bcc41c4df0eb7e8a395038080741a3c0a934",
                "sha256:7a2a0bf03686f9d860e8f8476be000f5b3e6cc9af6853dbabab2ef9cfa5dc3a0",
                "sha256:7c64332ad52de0134be9a933ca986514c3ff85c63d54bc5398c31f0498ac1820",
                "sha256:842b25782f911ee8c626f9d9fedc2ef01aeac272536fe90ee6d45b2ae7cdb024",
                "sha256:8dca11bc3191cd7de0a3c4b76a70dac493356a219e96ebcde0def1f06faddef7",
                "sha256:c03d3c802b71f44e7b3442abae961bba996258244bd222b242ad1e5cb7754e57",
                "sha256:c94130a8c8d80073eb0276844915aa5e928ae322024e76dc57943542ccda211c",
                "sha256:ce0776f54591aef90bcd02bd919964abe4c2ad2a10a4336c3a1b66cef289b41c",
                "sha256:ceaba04da9419f40899a670eb62eb373a127b511bb8e3ae4f6f1f23ec49bd0e4",
                "sha256:e7cb7475a9b25b9f8aebe7eb756dafedd0369434571062f3883d894281befd7c",
                "sha256:f8491bfcba25c9d661289f884688e5a4f56f2ee389a240d0ad02692495a9a087"
            ],
            "index": "pypi",
            "version": "==1.4.11"
        },
        "findspark": {
            "hashes": [
                "sha256:aa10a96cb616cab329181d72e8ef13d2dc453b4babd02b5482471a0882c1195e",
                "sha256:e5d5415ff8ced6b173b801e12fc90c1eefca1fb6bf9c19c4fc1f235d4222e753"
            ],
            "index": "pypi",
            "version": "==2.0.1"
        },
        "idna": {
            "hashes": [
                "sha256:84d9dd047ffa80596e0f246e2eab0b391788b0503584e8945f2368256d2735ff",
                "sha256:9d643ff0a55b762d5cdb124b8eaa99c66322e2157b69160bc32796e824360e6d"
            ],
            "markers": "python_version >= '3'",
            "version": "==3.3"
        },
        "py4j": {
            "hashes": [
                "sha256:04f5b06917c0c8a81ab34121dda09a2ba1f74e96d59203c821d5cb7d28c35363",
                "sha256:0d92844da4cb747155b9563c44fc322c9a1562b3ef0979ae692dbde732d784dd"
            ],
            "version": "==0.10.9.3"
        },
        "pyspark": {
            "hashes": [
                "sha256:0b81359262ec6e9ac78c353344e7de026027d140c6def949ff0d80ab70f89a54"
            ],
            "index": "pypi",
            "version": "==3.2.1"
        },
        "requests": {
            "hashes": [
                "sha256:68d7c56fd5a8999887728ef304a6d12edc7be74f1cfa47714fc8b414525c9a61",
                "sha256:f22fa1e554c9ddfd16e6e41ac79759e17be9e492b3587efa038054674760e72d"
            ],
            "index": "pypi",
            "version": "==2.27.1"
        },
        "urllib3": {
            "hashes": [
                "sha256:44ece4d53fb1706f667c9bd1c648f5469a2ec925fcf3a776667042d645472c14",
                "sha256:aabaf16477806a5e1dd19aa41f8c2b7950dd3c746362d7e3223dbe6de6ac448e"
            ],
            "markers": "python_version >= '2.7' and python_version not in '3.0, 3.1, 3.2, 3.3, 3.4' and python_version < '4'",
            "version": "==1.26.9"
        }
    },
    "develop": {}
}
